
Microsoft Visual Studio Solution File, Format Version 12.00
# Visual Studio 15
VisualStudioVersion = 15.0.28307.2092
MinimumVisualStudioVersion = 10.0.40219.1
Project("{FAE04EC0-301F-11D3-BF4B-00C04F79EFBC}") = "LiveFoodball1", "LiveFoodball1\LiveFoodball1.csproj", "{27E6BE8F-FF6F-4AE1-A31C-9C7EA8B29E8B}"
EndProject
Global
	GlobalSection(SolutionConfigurationPlatforms) = preSolution
		Debug|Any CPU = Debug|Any CPU
		Release|Any CPU = Release|Any CPU
	EndGlobalSection
	GlobalSection(ProjectConfigurationPlatforms) = postSolution
		{27E6BE8F-FF6F-4AE1-A31C-9C7EA8B29E8B}.Debug|Any CPU.ActiveCfg = Debug|Any CPU
		{27E6BE8F-FF6F-4AE1-A31C-9C7EA8B29E8B}.Debug|Any CPU.Build.0 = Debug|Any CPU
		{27E6BE8F-FF6F-4AE1-A31C-9C7EA8B29E8B}.Release|Any CPU.ActiveCfg = Release|Any CPU
		{27E6BE8F-FF6F-4AE1-A31C-9C7EA8B29E8B}.Release|Any CPU.Build.0 = Release|Any CPU
	EndGlobalSection
	GlobalSection(SolutionProperties) = preSolution
		HideSolutionNode = FALSE
	EndGlobalSection
	GlobalSection(ExtensibilityGlobals) = postSolution
		SolutionGuid = {5FA6B847-367C-46EA-9779-836FCDBF6466}
	EndGlobalSection
EndGlobal
